// !$*UTF8*$!
{
	archiveVersion = 1;
	classes = {
	};
	objectVersion = 50;
	objects = {

/* Begin PBXBuildFile section */
		8F7A46CE20B07FAA0037C54A /* QueryHelperTests.swift in Sources */ = {isa = PBXBuildFile; fileRef = 8F7A46CD20B07FAA0037C54A /* QueryHelperTests.swift */; };
		8F7A46D020B0843F0037C54A /* Alamofire.framework in Frameworks */ = {isa = PBXBuildFile; fileRef = 8FD8E0E120B0687F00983BF9 /* Alamofire.framework */; };
		8F7A46D120B0843F0037C54A /* Moya.framework in Frameworks */ = {isa = PBXBuildFile; fileRef = 8FD8E0DF20B0687F00983BF9 /* Moya.framework */; };
		8F7A46D220B0843F0037C54A /* Result.framework in Frameworks */ = {isa = PBXBuildFile; fileRef = 8FD8E0E020B0687F00983BF9 /* Result.framework */; };
		8F7A46D420B15B470037C54A /* String+Data.swift in Sources */ = {isa = PBXBuildFile; fileRef = 8F7A46D320B15B470037C54A /* String+Data.swift */; };
		8FD8E0BF20B05CB600983BF9 /* AppDelegate.swift in Sources */ = {isa = PBXBuildFile; fileRef = 8FD8E0BE20B05CB600983BF9 /* AppDelegate.swift */; };
		8FD8E0C120B05CB600983BF9 /* ViewController.swift in Sources */ = {isa = PBXBuildFile; fileRef = 8FD8E0C020B05CB600983BF9 /* ViewController.swift */; };
		8FD8E0C420B05CB600983BF9 /* Main.storyboard in Resources */ = {isa = PBXBuildFile; fileRef = 8FD8E0C220B05CB600983BF9 /* Main.storyboard */; };
		8FD8E0C620B05CB800983BF9 /* Assets.xcassets in Resources */ = {isa = PBXBuildFile; fileRef = 8FD8E0C520B05CB800983BF9 /* Assets.xcassets */; };
		8FD8E0C920B05CB800983BF9 /* LaunchScreen.storyboard in Resources */ = {isa = PBXBuildFile; fileRef = 8FD8E0C720B05CB800983BF9 /* LaunchScreen.storyboard */; };
		8FD8E0D420B05CB800983BF9 /* TestMoyaTests.swift in Sources */ = {isa = PBXBuildFile; fileRef = 8FD8E0D320B05CB800983BF9 /* TestMoyaTests.swift */; };
		8FD8E0E220B0688000983BF9 /* Moya.framework in Frameworks */ = {isa = PBXBuildFile; fileRef = 8FD8E0DF20B0687F00983BF9 /* Moya.framework */; };
		8FD8E0E320B0688000983BF9 /* Result.framework in Frameworks */ = {isa = PBXBuildFile; fileRef = 8FD8E0E020B0687F00983BF9 /* Result.framework */; };
		8FD8E0E420B0688000983BF9 /* Alamofire.framework in Frameworks */ = {isa = PBXBuildFile; fileRef = 8FD8E0E120B0687F00983BF9 /* Alamofire.framework */; };
		8FD8E0E720B06B9F00983BF9 /* MyService.swift in Sources */ = {isa = PBXBuildFile; fileRef = 8FD8E0E620B06B9F00983BF9 /* MyService.swift */; };
		8FD8E0E920B06F7F00983BF9 /* QueueHelper.swift in Sources */ = {isa = PBXBuildFile; fileRef = 8FD8E0E820B06F7F00983BF9 /* QueueHelper.swift */; };
/* End PBXBuildFile section */

/* Begin PBXContainerItemProxy section */
		8FD8E0D020B05CB800983BF9 /* PBXContainerItemProxy */ = {
			isa = PBXContainerItemProxy;
			containerPortal = 8FD8E0B320B05CB600983BF9 /* Project object */;
			proxyType = 1;
			remoteGlobalIDString = 8FD8E0BA20B05CB600983BF9;
			remoteInfo = TestMoya;
		};
/* End PBXContainerItemProxy section */

/* Begin PBXFileReference section */
		8F7A46CD20B07FAA0037C54A /* QueryHelperTests.swift */ = {isa = PBXFileReference; lastKnownFileType = sourcecode.swift; path = QueryHelperTests.swift; sourceTree = "<group>"; };
		8F7A46D320B15B470037C54A /* String+Data.swift */ = {isa = PBXFileReference; lastKnownFileType = sourcecode.swift; path = "String+Data.swift"; sourceTree = "<group>"; };
		8FD8E0BB20B05CB600983BF9 /* TestMoya.app */ = {isa = PBXFileReference; explicitFileType = wrapper.application; includeInIndex = 0; path = TestMoya.app; sourceTree = BUILT_PRODUCTS_DIR; };
		8FD8E0BE20B05CB600983BF9 /* AppDelegate.swift */ = {isa = PBXFileReference; lastKnownFileType = sourcecode.swift; path = AppDelegate.swift; sourceTree = "<group>"; };
		8FD8E0C020B05CB600983BF9 /* ViewController.swift */ = {isa = PBXFileReference; lastKnownFileType = sourcecode.swift; path = ViewController.swift; sourceTree = "<group>"; };
		8FD8E0C320B05CB600983BF9 /* Base */ = {isa = PBXFileReference; lastKnownFileType = file.storyboard; name = Base; path = Base.lproj/Main.storyboard; sourceTree = "<group>"; };
		8FD8E0C520B05CB800983BF9 /* Assets.xcassets */ = {isa = PBXFileReference; lastKnownFileType = folder.assetcatalog; path = Assets.xcassets; sourceTree = "<group>"; };
		8FD8E0C820B05CB800983BF9 /* Base */ = {isa = PBXFileReference; lastKnownFileType = file.storyboard; name = Base; path = Base.lproj/LaunchScreen.storyboard; sourceTree = "<group>"; };
		8FD8E0CA20B05CB800983BF9 /* Info.plist */ = {isa = PBXFileReference; lastKnownFileType = text.plist.xml; path = Info.plist; sourceTree = "<group>"; };
		8FD8E0CF20B05CB800983BF9 /* TestMoyaTests.xctest */ = {isa = PBXFileReference; explicitFileType = wrapper.cfbundle; includeInIndex = 0; path = TestMoyaTests.xctest; sourceTree = BUILT_PRODUCTS_DIR; };
		8FD8E0D320B05CB800983BF9 /* TestMoyaTests.swift */ = {isa = PBXFileReference; lastKnownFileType = sourcecode.swift; path = TestMoyaTests.swift; sourceTree = "<group>"; };
		8FD8E0D520B05CB800983BF9 /* Info.plist */ = {isa = PBXFileReference; lastKnownFileType = text.plist.xml; path = Info.plist; sourceTree = "<group>"; };
		8FD8E0DF20B0687F00983BF9 /* Moya.framework */ = {isa = PBXFileReference; lastKnownFileType = wrapper.framework; name = Moya.framework; path = Carthage/Build/iOS/Moya.framework; sourceTree = SOURCE_ROOT; };
		8FD8E0E020B0687F00983BF9 /* Result.framework */ = {isa = PBXFileReference; lastKnownFileType = wrapper.framework; name = Result.framework; path = Carthage/Build/iOS/Result.framework; sourceTree = SOURCE_ROOT; };
		8FD8E0E120B0687F00983BF9 /* Alamofire.framework */ = {isa = PBXFileReference; lastKnownFileType = wrapper.framework; name = Alamofire.framework; path = Carthage/Build/iOS/Alamofire.framework; sourceTree = SOURCE_ROOT; };
		8FD8E0E620B06B9F00983BF9 /* MyService.swift */ = {isa = PBXFileReference; lastKnownFileType = sourcecode.swift; path = MyService.swift; sourceTree = "<group>"; };
		8FD8E0E820B06F7F00983BF9 /* QueueHelper.swift */ = {isa = PBXFileReference; lastKnownFileType = sourcecode.swift; path = QueueHelper.swift; sourceTree = "<group>"; };
/* End PBXFileReference section */

/* Begin PBXFrameworksBuildPhase section */
		8FD8E0B820B05CB600983BF9 /* Frameworks */ = {
			isa = PBXFrameworksBuildPhase;
			buildActionMask = 2147483647;
			files = (
				8FD8E0E220B0688000983BF9 /* Moya.framework in Frameworks */,
				8FD8E0E420B0688000983BF9 /* Alamofire.framework in Frameworks */,
				8FD8E0E320B0688000983BF9 /* Result.framework in Frameworks */,
			);
			runOnlyForDeploymentPostprocessing = 0;
		};
		8FD8E0CC20B05CB800983BF9 /* Frameworks */ = {
			isa = PBXFrameworksBuildPhase;
			buildActionMask = 2147483647;
			files = (
				8F7A46D220B0843F0037C54A /* Result.framework in Frameworks */,
				8F7A46D120B0843F0037C54A /* Moya.framework in Frameworks */,
				8F7A46D020B0843F0037C54A /* Alamofire.framework in Frameworks */,
			);
			runOnlyForDeploymentPostprocessing = 0;
		};
/* End PBXFrameworksBuildPhase section */

/* Begin PBXGroup section */
		8F7A46CF20B081A10037C54A /* Moya */ = {
			isa = PBXGroup;
			children = (
				8FD8E0E620B06B9F00983BF9 /* MyService.swift */,
			);
			path = Moya;
			sourceTree = "<group>";
		};
		8F7A46D520B15B4F0037C54A /* Extensions */ = {
			isa = PBXGroup;
			children = (
				8FD8E0E820B06F7F00983BF9 /* QueueHelper.swift */,
				8F7A46D320B15B470037C54A /* String+Data.swift */,
			);
			path = Extensions;
			sourceTree = "<group>";
		};
		8FD8E0B220B05CB600983BF9 = {
			isa = PBXGroup;
			children = (
				8FD8E0DE20B0680700983BF9 /* Frameworks */,
				8FD8E0BD20B05CB600983BF9 /* TestMoya */,
				8FD8E0D220B05CB800983BF9 /* TestMoyaTests */,
				8FD8E0BC20B05CB600983BF9 /* Products */,
			);
			sourceTree = "<group>";
		};
		8FD8E0BC20B05CB600983BF9 /* Products */ = {
			isa = PBXGroup;
			children = (
				8FD8E0BB20B05CB600983BF9 /* TestMoya.app */,
				8FD8E0CF20B05CB800983BF9 /* TestMoyaTests.xctest */,
			);
			name = Products;
			sourceTree = "<group>";
		};
		8FD8E0BD20B05CB600983BF9 /* TestMoya */ = {
			isa = PBXGroup;
			children = (
				8FD8E0BE20B05CB600983BF9 /* AppDelegate.swift */,
				8FD8E0C020B05CB600983BF9 /* ViewController.swift */,
				8F7A46CF20B081A10037C54A /* Moya */,
				8FD8E0C220B05CB600983BF9 /* Main.storyboard */,
				8F7A46D520B15B4F0037C54A /* Extensions */,
				8FD8E0C520B05CB800983BF9 /* Assets.xcassets */,
				8FD8E0C720B05CB800983BF9 /* LaunchScreen.storyboard */,
				8FD8E0CA20B05CB800983BF9 /* Info.plist */,
			);
			path = TestMoya;
			sourceTree = "<group>";
		};
		8FD8E0D220B05CB800983BF9 /* TestMoyaTests */ = {
			isa = PBXGroup;
			children = (
				8FD8E0D320B05CB800983BF9 /* TestMoyaTests.swift */,
				8F7A46CD20B07FAA0037C54A /* QueryHelperTests.swift */,
				8FD8E0D520B05CB800983BF9 /* Info.plist */,
			);
			path = TestMoyaTests;
			sourceTree = "<group>";
		};
		8FD8E0DE20B0680700983BF9 /* Frameworks */ = {
			isa = PBXGroup;
			children = (
				8FD8E0E120B0687F00983BF9 /* Alamofire.framework */,
				8FD8E0DF20B0687F00983BF9 /* Moya.framework */,
				8FD8E0E020B0687F00983BF9 /* Result.framework */,
			);
			path = Frameworks;
			sourceTree = "<group>";
		};
/* End PBXGroup section */

/* Begin PBXNativeTarget section */
		8FD8E0BA20B05CB600983BF9 /* TestMoya */ = {
			isa = PBXNativeTarget;
			buildConfigurationList = 8FD8E0D820B05CB800983BF9 /* Build configuration list for PBXNativeTarget "TestMoya" */;
			buildPhases = (
				8FD8E0B720B05CB600983BF9 /* Sources */,
				8FD8E0B820B05CB600983BF9 /* Frameworks */,
				8FD8E0B920B05CB600983BF9 /* Resources */,
				8FD8E0E520B068BA00983BF9 /* ShellScript */,
			);
			buildRules = (
			);
			dependencies = (
			);
			name = TestMoya;
			productName = TestMoya;
			productReference = 8FD8E0BB20B05CB600983BF9 /* TestMoya.app */;
			productType = "com.apple.product-type.application";
		};
		8FD8E0CE20B05CB800983BF9 /* TestMoyaTests */ = {
			isa = PBXNativeTarget;
			buildConfigurationList = 8FD8E0DB20B05CB800983BF9 /* Build configuration list for PBXNativeTarget "TestMoyaTests" */;
			buildPhases = (
				8FD8E0CB20B05CB800983BF9 /* Sources */,
				8FD8E0CC20B05CB800983BF9 /* Frameworks */,
				8FD8E0CD20B05CB800983BF9 /* Resources */,
			);
			buildRules = (
			);
			dependencies = (
				8FD8E0D120B05CB800983BF9 /* PBXTargetDependency */,
			);
			name = TestMoyaTests;
			productName = TestMoyaTests;
			productReference = 8FD8E0CF20B05CB800983BF9 /* TestMoyaTests.xctest */;
			productType = "com.apple.product-type.bundle.unit-test";
		};
/* End PBXNativeTarget section */

/* Begin PBXProject section */
		8FD8E0B320B05CB600983BF9 /* Project object */ = {
			isa = PBXProject;
			attributes = {
				LastSwiftUpdateCheck = 0930;
				LastUpgradeCheck = 0930;
				ORGANIZATIONNAME = "Sergey Maslov";
				TargetAttributes = {
					8FD8E0BA20B05CB600983BF9 = {
						CreatedOnToolsVersion = 9.3;
					};
					8FD8E0CE20B05CB800983BF9 = {
						CreatedOnToolsVersion = 9.3;
						TestTargetID = 8FD8E0BA20B05CB600983BF9;
					};
				};
			};
			buildConfigurationList = 8FD8E0B620B05CB600983BF9 /* Build configuration list for PBXProject "TestMoya" */;
			compatibilityVersion = "Xcode 9.3";
			developmentRegion = en;
			hasScannedForEncodings = 0;
			knownRegions = (
				en,
				Base,
			);
			mainGroup = 8FD8E0B220B05CB600983BF9;
			productRefGroup = 8FD8E0BC20B05CB600983BF9 /* Products */;
			projectDirPath = "";
			projectRoot = "";
			targets = (
				8FD8E0BA20B05CB600983BF9 /* TestMoya */,
				8FD8E0CE20B05CB800983BF9 /* TestMoyaTests */,
			);
		};
/* End PBXProject section */

/* Begin PBXResourcesBuildPhase section */
		8FD8E0B920B05CB600983BF9 /* Resources */ = {
			isa = PBXResourcesBuildPhase;
			buildActionMask = 2147483647;
			files = (
				8FD8E0C920B05CB800983BF9 /* LaunchScreen.storyboard in Resources */,
				8FD8E0C620B05CB800983BF9 /* Assets.xcassets in Resources */,
				8FD8E0C420B05CB600983BF9 /* Main.storyboard in Resources */,
			);
			runOnlyForDeploymentPostprocessing = 0;
		};
		8FD8E0CD20B05CB800983BF9 /* Resources */ = {
			isa = PBXResourcesBuildPhase;
			buildActionMask = 2147483647;
			files = (
			);
			runOnlyForDeploymentPostprocessing = 0;
		};
/* End PBXResourcesBuildPhase section */

/* Begin PBXShellScriptBuildPhase section */
		8FD8E0E520B068BA00983BF9 /* ShellScript */ = {
			isa = PBXShellScriptBuildPhase;
			buildActionMask = 2147483647;
			files = (
			);
			inputPaths = (
				"$(SRCROOT)/Carthage/Build/iOS/Alamofire.framework",
				"$(SRCROOT)/Carthage/Build/iOS/Moya.framework",
				"$(SRCROOT)/Carthage/Build/iOS/Result.framework",
			);
			outputPaths = (
				"$(BUILT_PRODUCTS_DIR)/$(FRAMEWORKS_FOLDER_PATH)/Alamofire.framework",
				"$(BUILT_PRODUCTS_DIR)/$(FRAMEWORKS_FOLDER_PATH)/Moya.framework",
				"$(BUILT_PRODUCTS_DIR)/$(FRAMEWORKS_FOLDER_PATH)/Result.framework",
			);
			runOnlyForDeploymentPostprocessing = 0;
			shellPath = /bin/sh;
			shellScript = "/usr/local/bin/carthage copy-frameworks";
		};
/* End PBXShellScriptBuildPhase section */

/* Begin PBXSourcesBuildPhase section */
		8FD8E0B720B05CB600983BF9 /* Sources */ = {
			isa = PBXSourcesBuildPhase;
			buildActionMask = 2147483647;
			files = (
				8F7A46D420B15B470037C54A /* String+Data.swift in Sources */,
				8FD8E0E720B06B9F00983BF9 /* MyService.swift in Sources */,
				8FD8E0E920B06F7F00983BF9 /* QueueHelper.swift in Sources */,
				8FD8E0C120B05CB600983BF9 /* ViewController.swift in Sources */,
				8FD8E0BF20B05CB600983BF9 /* AppDelegate.swift in Sources */,
			);
			runOnlyForDeploymentPostprocessing = 0;
		};
		8FD8E0CB20B05CB800983BF9 /* Sources */ = {
			isa = PBXSourcesBuildPhase;
			buildActionMask = 2147483647;
			files = (
				8F7A46CE20B07FAA0037C54A /* QueryHelperTests.swift in Sources */,
				8FD8E0D420B05CB800983BF9 /* TestMoyaTests.swift in Sources */,
			);
			runOnlyForDeploymentPostprocessing = 0;
		};
/* End PBXSourcesBuildPhase section */

/* Begin PBXTargetDependency section */
		8FD8E0D120B05CB800983BF9 /* PBXTargetDependency */ = {
			isa = PBXTargetDependency;
			target = 8FD8E0BA20B05CB600983BF9 /* TestMoya */;
			targetProxy = 8FD8E0D020B05CB800983BF9 /* PBXContainerItemProxy */;
		};
/* End PBXTargetDependency section */

/* Begin PBXVariantGroup section */
		8FD8E0C220B05CB600983BF9 /* Main.storyboard */ = {
			isa = PBXVariantGroup;
			children = (
				8FD8E0C320B05CB600983BF9 /* Base */,
			);
			name = Main.storyboard;
			sourceTree = "<group>";
		};
		8FD8E0C720B05CB800983BF9 /* LaunchScreen.storyboard */ = {
			isa = PBXVariantGroup;
			children = (
				8FD8E0C820B05CB800983BF9 /* Base */,
			);
			name = LaunchScreen.storyboard;
			sourceTree = "<group>";
		};
/* End PBXVariantGroup section */

/* Begin XCBuildConfiguration section */
		8FD8E0D620B05CB800983BF9 /* Debug */ = {
			isa = XCBuildConfiguration;
			buildSettings = {
				ALWAYS_SEARCH_USER_PATHS = NO;
				CLANG_ANALYZER_NONNULL = YES;
				CLANG_ANALYZER_NUMBER_OBJECT_CONVERSION = YES_AGGRESSIVE;
				CLANG_CXX_LANGUAGE_STANDARD = "gnu++14";
				CLANG_CXX_LIBRARY = "libc++";
				CLANG_ENABLE_MODULES = YES;
				CLANG_ENABLE_OBJC_ARC = YES;
				CLANG_ENABLE_OBJC_WEAK = YES;
				CLANG_WARN_BLOCK_CAPTURE_AUTORELEASING = YES;
				CLANG_WARN_BOOL_CONVERSION = YES;
				CLANG_WARN_COMMA = YES;
				CLANG_WARN_CONSTANT_CONVERSION = YES;
				CLANG_WARN_DEPRECATED_OBJC_IMPLEMENTATIONS = YES;
				CLANG_WARN_DIRECT_OBJC_ISA_USAGE = YES_ERROR;
				CLANG_WARN_DOCUMENTATION_COMMENTS = YES;
				CLANG_WARN_EMPTY_BODY = YES;
				CLANG_WARN_ENUM_CONVERSION = YES;
				CLANG_WARN_INFINITE_RECURSION = YES;
				CLANG_WARN_INT_CONVERSION = YES;
				CLANG_WARN_NON_LITERAL_NULL_CONVERSION = YES;
				CLANG_WARN_OBJC_IMPLICIT_RETAIN_SELF = YES;
				CLANG_WARN_OBJC_LITERAL_CONVERSION = YES;
				CLANG_WARN_OBJC_ROOT_CLASS = YES_ERROR;
				CLANG_WARN_RANGE_LOOP_ANALYSIS = YES;
				CLANG_WARN_STRICT_PROTOTYPES = YES;
				CLANG_WARN_SUSPICIOUS_MOVE = YES;
				CLANG_WARN_UNGUARDED_AVAILABILITY = YES_AGGRESSIVE;
				CLANG_WARN_UNREACHABLE_CODE = YES;
				CLANG_WARN__DUPLICATE_METHOD_MATCH = YES;
				CODE_SIGN_IDENTITY = "iPhone Developer";
				COPY_PHASE_STRIP = NO;
				DEBUG_INFORMATION_FORMAT = dwarf;
				ENABLE_STRICT_OBJC_MSGSEND = YES;
				ENABLE_TESTABILITY = YES;
				GCC_C_LANGUAGE_STANDARD = gnu11;
				GCC_DYNAMIC_NO_PIC = NO;
				GCC_NO_COMMON_BLOCKS = YES;
				GCC_OPTIMIZATION_LEVEL = 0;
				GCC_PREPROCESSOR_DEFINITIONS = (
					"DEBUG=1",
					"$(inherited)",
				);
				GCC_WARN_64_TO_32_BIT_CONVERSION = YES;
				GCC_WARN_ABOUT_RETURN_TYPE = YES_ERROR;
				GCC_WARN_UNDECLARED_SELECTOR = YES;
				GCC_WARN_UNINITIALIZED_AUTOS = YES_AGGRESSIVE;
				GCC_WARN_UNUSED_FUNCTION = YES;
				GCC_WARN_UNUSED_VARIABLE = YES;
				IPHONEOS_DEPLOYMENT_TARGET = 11.3;
				MTL_ENABLE_DEBUG_INFO = YES;
				ONLY_ACTIVE_ARCH = YES;
				SDKROOT = iphoneos;
				SWIFT_ACTIVE_COMPILATION_CONDITIONS = DEBUG;
				SWIFT_OPTIMIZATION_LEVEL = "-Onone";
			};
			name = Debug;
		};
		8FD8E0D720B05CB800983BF9 /* Release */ = {
			isa = XCBuildConfiguration;
			buildSettings = {
				ALWAYS_SEARCH_USER_PATHS = NO;
				CLANG_ANALYZER_NONNULL = YES;
				CLANG_ANALYZER_NUMBER_OBJECT_CONVERSION = YES_AGGRESSIVE;
				CLANG_CXX_LANGUAGE_STANDARD = "gnu++14";
				CLANG_CXX_LIBRARY = "libc++";
				CLANG_ENABLE_MODULES = YES;
				CLANG_ENABLE_OBJC_ARC = YES;
				CLANG_ENABLE_OBJC_WEAK = YES;
				CLANG_WARN_BLOCK_CAPTURE_AUTORELEASING = YES;
				CLANG_WARN_BOOL_CONVERSION = YES;
				CLANG_WARN_COMMA = YES;
				CLANG_WARN_CONSTANT_CONVERSION = YES;
				CLANG_WARN_DEPRECATED_OBJC_IMPLEMENTATIONS = YES;
				CLANG_WARN_DIRECT_OBJC_ISA_USAGE = YES_ERROR;
				CLANG_WARN_DOCUMENTATION_COMMENTS = YES;
				CLANG_WARN_EMPTY_BODY = YES;
				CLANG_WARN_ENUM_CONVERSION = YES;
				CLANG_WARN_INFINITE_RECURSION = YES;
				CLANG_WARN_INT_CONVERSION = YES;
				CLANG_WARN_NON_LITERAL_NULL_CONVERSION = YES;
				CLANG_WARN_OBJC_IMPLICIT_RETAIN_SELF = YES;
				CLANG_WARN_OBJC_LITERAL_CONVERSION = YES;
				CLANG_WARN_OBJC_ROOT_CLASS = YES_ERROR;
				CLANG_WARN_RANGE_LOOP_ANALYSIS = YES;
				CLANG_WARN_STRICT_PROTOTYPES = YES;
				CLANG_WARN_SUSPICIOUS_MOVE = YES;
				CLANG_WARN_UNGUARDED_AVAILABILITY = YES_AGGRESSIVE;
				CLANG_WARN_UNREACHABLE_CODE = YES;
				CLANG_WARN__DUPLICATE_METHOD_MATCH = YES;
				CODE_SIGN_IDENTITY = "iPhone Developer";
				COPY_PHASE_STRIP = NO;
				DEBUG_INFORMATION_FORMAT = "dwarf-with-dsym";
				ENABLE_NS_ASSERTIONS = NO;
				ENABLE_STRICT_OBJC_MSGSEND = YES;
				GCC_C_LANGUAGE_STANDARD = gnu11;
				GCC_NO_COMMON_BLOCKS = YES;
				GCC_WARN_64_TO_32_BIT_CONVERSION = YES;
				GCC_WARN_ABOUT_RETURN_TYPE = YES_ERROR;
				GCC_WARN_UNDECLARED_SELECTOR = YES;
				GCC_WARN_UNINITIALIZED_AUTOS = YES_AGGRESSIVE;
				GCC_WARN_UNUSED_FUNCTION = YES;
				GCC_WARN_UNUSED_VARIABLE = YES;
				IPHONEOS_DEPLOYMENT_TARGET = 11.3;
				MTL_ENABLE_DEBUG_INFO = NO;
				SDKROOT = iphoneos;
				SWIFT_COMPILATION_MODE = wholemodule;
				SWIFT_OPTIMIZATION_LEVEL = "-O";
				VALIDATE_PRODUCT = YES;
			};
			name = Release;
		};
		8FD8E0D920B05CB800983BF9 /* Debug */ = {
			isa = XCBuildConfiguration;
			buildSettings = {
				ASSETCATALOG_COMPILER_APPICON_NAME = AppIcon;
				CODE_SIGN_STYLE = Automatic;
				DEVELOPMENT_TEAM = C6GGC25RD5;
				FRAMEWORK_SEARCH_PATHS = (
					"$(inherited)",
					"$(PROJECT_DIR)/Carthage/Build/iOS",
				);
				INFOPLIST_FILE = TestMoya/Info.plist;
				LD_RUNPATH_SEARCH_PATHS = (
					"$(inherited)",
					"@executable_path/Frameworks",
				);
				PRODUCT_BUNDLE_IDENTIFIER = com.home.test.TestMoya;
				PRODUCT_NAME = "$(TARGET_NAME)";
				SWIFT_VERSION = 4.0;
				TARGETED_DEVICE_FAMILY = "1,2";
			};
			name = Debug;
		};
		8FD8E0DA20B05CB800983BF9 /* Release */ = {
			isa = XCBuildConfiguration;
			buildSettings = {
				ASSETCATALOG_COMPILER_APPICON_NAME = AppIcon;
				CODE_SIGN_STYLE = Automatic;
				DEVELOPMENT_TEAM = C6GGC25RD5;
				FRAMEWORK_SEARCH_PATHS = (
					"$(inherited)",
					"$(PROJECT_DIR)/Carthage/Build/iOS",
				);
				INFOPLIST_FILE = TestMoya/Info.plist;
				LD_RUNPATH_SEARCH_PATHS = (
					"$(inherited)",
					"@executable_path/Frameworks",
				);
				PRODUCT_BUNDLE_IDENTIFIER = com.home.test.TestMoya;
				PRODUCT_NAME = "$(TARGET_NAME)";
				SWIFT_VERSION = 4.0;
				TARGETED_DEVICE_FAMILY = "1,2";
			};
			name = Release;
		};
		8FD8E0DC20B05CB800983BF9 /* Debug */ = {
			isa = XCBuildConfiguration;
			buildSettings = {
				ALWAYS_EMBED_SWIFT_STANDARD_LIBRARIES = YES;
				BUNDLE_LOADER = "$(TEST_HOST)";
				CODE_SIGN_STYLE = Automatic;
				FRAMEWORK_SEARCH_PATHS = (
					"$(inherited)",
					"$(PROJECT_DIR)/Carthage/Build/iOS",
				);
				INFOPLIST_FILE = TestMoyaTests/Info.plist;
				LD_RUNPATH_SEARCH_PATHS = (
					"$(inherited)",
					"@executable_path/Frameworks",
					"@loader_path/Frameworks",
				);
				PRODUCT_BUNDLE_IDENTIFIER = com.home.test.TestMoyaTests;
				PRODUCT_NAME = "$(TARGET_NAME)";
				SWIFT_VERSION = 4.0;
				TARGETED_DEVICE_FAMILY = "1,2";
				TEST_HOST = "$(BUILT_PRODUCTS_DIR)/TestMoya.app/TestMoya";
			};
			name = Debug;
		};
		8FD8E0DD20B05CB800983BF9 /* Release */ = {
			isa = XCBuildConfiguration;
			buildSettings = {
				ALWAYS_EMBED_SWIFT_STANDARD_LIBRARIES = YES;
				BUNDLE_LOADER = "$(TEST_HOST)";
				CODE_SIGN_STYLE = Automatic;
				FRAMEWORK_SEARCH_PATHS = (
					"$(inherited)",
					"$(PROJECT_DIR)/Carthage/Build/iOS",
				);
				INFOPLIST_FILE = TestMoyaTests/Info.plist;
				LD_RUNPATH_SEARCH_PATHS = (
					"$(inherited)",
					"@executable_path/Frameworks",
					"@loader_path/Frameworks",
				);
				PRODUCT_BUNDLE_IDENTIFIER = com.home.test.TestMoyaTests;
				PRODUCT_NAME = "$(TARGET_NAME)";
				SWIFT_VERSION = 4.0;
				TARGETED_DEVICE_FAMILY = "1,2";
				TEST_HOST = "$(BUILT_PRODUCTS_DIR)/TestMoya.app/TestMoya";
			};
			name = Release;
		};
/* End XCBuildConfiguration section */

/* Begin XCConfigurationList section */
		8FD8E0B620B05CB600983BF9 /* Build configuration list for PBXProject "TestMoya" */ = {
			isa = XCConfigurationList;
			buildConfigurations = (
				8FD8E0D620B05CB800983BF9 /* Debug */,
				8FD8E0D720B05CB800983BF9 /* Release */,
			);
			defaultConfigurationIsVisible = 0;
			defaultConfigurationName = Release;
		};
		8FD8E0D820B05CB800983BF9 /* Build configuration list for PBXNativeTarget "TestMoya" */ = {
			isa = XCConfigurationList;
			buildConfigurations = (
				8FD8E0D920B05CB800983BF9 /* Debug */,
				8FD8E0DA20B05CB800983BF9 /* Release */,
			);
			defaultConfigurationIsVisible = 0;
			defaultConfigurationName = Release;
		};
		8FD8E0DB20B05CB800983BF9 /* Build configuration list for PBXNativeTarget "TestMoyaTests" */ = {
			isa = XCConfigurationList;
			buildConfigurations = (
				8FD8E0DC20B05CB800983BF9 /* Debug */,
				8FD8E0DD20B05CB800983BF9 /* Release */,
			);
			defaultConfigurationIsVisible = 0;
			defaultConfigurationName = Release;
		};
/* End XCConfigurationList section */
	};
	rootObject = 8FD8E0B320B05CB600983BF9 /* Project object */;
}
